
Microsoft Visual Studio Solution File, Format Version 12.00
# Visual Studio Version 17
VisualStudioVersion = 17.11.35312.102
MinimumVisualStudioVersion = 10.0.40219.1
Project("{FAE04EC0-301F-11D3-BF4B-00C04F79EFBC}") = "DapperDemo", "DapperDemo\DapperDemo.csproj", "{F89191E7-CF14-48C4-B3CC-560902BAF133}"
EndProject
Project("{FAE04EC0-301F-11D3-BF4B-00C04F79EFBC}") = "AccesoDatos", "AccesoDatos\AccesoDatos.csproj", "{8D62CF06-4444-49A3-BCBF-FA73D976F16D}"
EndProject
Global
	GlobalSection(SolutionConfigurationPlatforms) = preSolution
		Debug|Any CPU = Debug|Any CPU
		Release|Any CPU = Release|Any CPU
	EndGlobalSection
	GlobalSection(ProjectConfigurationPlatforms) = postSolution
		{F89191E7-CF14-48C4-B3CC-560902BAF133}.Debug|Any CPU.ActiveCfg = Debug|Any CPU
		{F89191E7-CF14-48C4-B3CC-560902BAF133}.Debug|Any CPU.Build.0 = Debug|Any CPU
		{F89191E7-CF14-48C4-B3CC-560902BAF133}.Release|Any CPU.ActiveCfg = Release|Any CPU
		{F89191E7-CF14-48C4-B3CC-560902BAF133}.Release|Any CPU.Build.0 = Release|Any CPU
		{8D62CF06-4444-49A3-BCBF-FA73D976F16D}.Debug|Any CPU.ActiveCfg = Debug|Any CPU
		{8D62CF06-4444-49A3-BCBF-FA73D976F16D}.Debug|Any CPU.Build.0 = Debug|Any CPU
		{8D62CF06-4444-49A3-BCBF-FA73D976F16D}.Release|Any CPU.ActiveCfg = Release|Any CPU
		{8D62CF06-4444-49A3-BCBF-FA73D976F16D}.Release|Any CPU.Build.0 = Release|Any CPU
	EndGlobalSection
	GlobalSection(SolutionProperties) = preSolution
		HideSolutionNode = FALSE
	EndGlobalSection
	GlobalSection(ExtensibilityGlobals) = postSolution
		SolutionGuid = {525A7B48-B474-4689-A46B-BE632397F2A5}
	EndGlobalSection
EndGlobal
